
Microsoft Visual Studio Solution File, Format Version 12.00
# Visual Studio 2013
VisualStudioVersion = 12.0.31101.0
MinimumVisualStudioVersion = 10.0.40219.1
Project("{FAE04EC0-301F-11D3-BF4B-00C04F79EFBC}") = "Boomer.Server.Core.Data", "Src\Server\Core\Boomer.Server.Core.Data\Boomer.Server.Core.Data.csproj", "{6D62ED96-1AE8-4401-AD7D-F5A860D41B18}"
EndProject
Project("{FAE04EC0-301F-11D3-BF4B-00C04F79EFBC}") = "Boomer.Server.Services.Service", "Src\Server\Services\Boomer.Server.Services.Service\Boomer.Server.Services.Service.csproj", "{F1155C24-9587-471A-9498-1B347205299D}"
EndProject
Project("{FAE04EC0-301F-11D3-BF4B-00C04F79EFBC}") = "Boomer.Server.Core.Contract", "Src\Server\Core\Boomer.Server.Core.Contract\Boomer.Server.Core.Contract.csproj", "{B951E0A3-0284-47CD-A397-032F9882562B}"
EndProject
Project("{FAE04EC0-301F-11D3-BF4B-00C04F79EFBC}") = "Boomer.Server.Core.Model", "Src\Server\Core\Boomer.Server.Core.Model\Boomer.Server.Core.Model.csproj", "{2A09C983-C02C-4161-B22E-3DDC60AD91D6}"
EndProject
Project("{FAE04EC0-301F-11D3-BF4B-00C04F79EFBC}") = "Boomer.Web.Core", "Src\Client\Core\Boomer.Web.Core\Boomer.Web.Core.csproj", "{1FC2CB7C-3FD0-41CB-934D-0FD1A40DCCF8}"
EndProject
Project("{FAE04EC0-301F-11D3-BF4B-00C04F79EFBC}") = "Boomer.Web", "Src\Client\Web\Boomer.Web\Boomer.Web.csproj", "{BFC1AC40-E0DC-45DC-9E78-89849B712A1F}"
EndProject
Project("{FAE04EC0-301F-11D3-BF4B-00C04F79EFBC}") = "Boomer.Server.Web.API", "Src\Server\Api\Boomer.Server.Web.API\Boomer.Server.Web.API.csproj", "{933C2B70-958B-44A1-8443-EDD902751211}"
EndProject
Project("{FAE04EC0-301F-11D3-BF4B-00C04F79EFBC}") = "Boomer.Server.Core.Configuration", "Src\Server\Core\Boomer.Server.Core.Configuration\Boomer.Server.Core.Configuration.csproj", "{5821965F-2579-4F8C-96E8-49582149E546}"
EndProject
Project("{2150E333-8FDC-42A3-9474-1A3956D46DE8}") = "Core", "Core", "{C933437D-668A-41C1-9AFF-7DF18039339B}"
EndProject
Project("{2150E333-8FDC-42A3-9474-1A3956D46DE8}") = "Services", "Services", "{E0CDFD57-3840-4E23-93B8-CBEC4F3C01DE}"
EndProject
Project("{2150E333-8FDC-42A3-9474-1A3956D46DE8}") = "Api", "Api", "{2E594F74-9936-4F52-9FED-E2B47DE0DFF3}"
EndProject
Project("{2150E333-8FDC-42A3-9474-1A3956D46DE8}") = "Web", "Web", "{9FA79FB4-2ACB-4141-9C05-ECBF28024097}"
EndProject
Project("{2150E333-8FDC-42A3-9474-1A3956D46DE8}") = "Server", "Server", "{86D035D3-D59B-46B3-A0D1-3356EE143016}"
EndProject
Project("{2150E333-8FDC-42A3-9474-1A3956D46DE8}") = "Client", "Client", "{F0641789-C4FE-47ED-BCE4-C943B4DB7034}"
EndProject
Project("{2150E333-8FDC-42A3-9474-1A3956D46DE8}") = "Core", "Core", "{751C1BDB-CCDF-4E5E-9458-9E0C7C26614B}"
EndProject
Global
	GlobalSection(SolutionConfigurationPlatforms) = preSolution
		Debug|Any CPU = Debug|Any CPU
		Release|Any CPU = Release|Any CPU
	EndGlobalSection
	GlobalSection(ProjectConfigurationPlatforms) = postSolution
		{6D62ED96-1AE8-4401-AD7D-F5A860D41B18}.Debug|Any CPU.ActiveCfg = Debug|Any CPU
		{6D62ED96-1AE8-4401-AD7D-F5A860D41B18}.Debug|Any CPU.Build.0 = Debug|Any CPU
		{6D62ED96-1AE8-4401-AD7D-F5A860D41B18}.Release|Any CPU.ActiveCfg = Release|Any CPU
		{6D62ED96-1AE8-4401-AD7D-F5A860D41B18}.Release|Any CPU.Build.0 = Release|Any CPU
		{F1155C24-9587-471A-9498-1B347205299D}.Debug|Any CPU.ActiveCfg = Debug|Any CPU
		{F1155C24-9587-471A-9498-1B347205299D}.Debug|Any CPU.Build.0 = Debug|Any CPU
		{F1155C24-9587-471A-9498-1B347205299D}.Release|Any CPU.ActiveCfg = Release|Any CPU
		{F1155C24-9587-471A-9498-1B347205299D}.Release|Any CPU.Build.0 = Release|Any CPU
		{B951E0A3-0284-47CD-A397-032F9882562B}.Debug|Any CPU.ActiveCfg = Debug|Any CPU
		{B951E0A3-0284-47CD-A397-032F9882562B}.Debug|Any CPU.Build.0 = Debug|Any CPU
		{B951E0A3-0284-47CD-A397-032F9882562B}.Release|Any CPU.ActiveCfg = Release|Any CPU
		{B951E0A3-0284-47CD-A397-032F9882562B}.Release|Any CPU.Build.0 = Release|Any CPU
		{2A09C983-C02C-4161-B22E-3DDC60AD91D6}.Debug|Any CPU.ActiveCfg = Debug|Any CPU
		{2A09C983-C02C-4161-B22E-3DDC60AD91D6}.Debug|Any CPU.Build.0 = Debug|Any CPU
		{2A09C983-C02C-4161-B22E-3DDC60AD91D6}.Release|Any CPU.ActiveCfg = Release|Any CPU
		{2A09C983-C02C-4161-B22E-3DDC60AD91D6}.Release|Any CPU.Build.0 = Release|Any CPU
		{1FC2CB7C-3FD0-41CB-934D-0FD1A40DCCF8}.Debug|Any CPU.ActiveCfg = Debug|Any CPU
		{1FC2CB7C-3FD0-41CB-934D-0FD1A40DCCF8}.Debug|Any CPU.Build.0 = Debug|Any CPU
		{1FC2CB7C-3FD0-41CB-934D-0FD1A40DCCF8}.Release|Any CPU.ActiveCfg = Release|Any CPU
		{1FC2CB7C-3FD0-41CB-934D-0FD1A40DCCF8}.Release|Any CPU.Build.0 = Release|Any CPU
		{BFC1AC40-E0DC-45DC-9E78-89849B712A1F}.Debug|Any CPU.ActiveCfg = Debug|Any CPU
		{BFC1AC40-E0DC-45DC-9E78-89849B712A1F}.Debug|Any CPU.Build.0 = Debug|Any CPU
		{BFC1AC40-E0DC-45DC-9E78-89849B712A1F}.Release|Any CPU.ActiveCfg = Release|Any CPU
		{BFC1AC40-E0DC-45DC-9E78-89849B712A1F}.Release|Any CPU.Build.0 = Release|Any CPU
		{933C2B70-958B-44A1-8443-EDD902751211}.Debug|Any CPU.ActiveCfg = Debug|Any CPU
		{933C2B70-958B-44A1-8443-EDD902751211}.Debug|Any CPU.Build.0 = Debug|Any CPU
		{933C2B70-958B-44A1-8443-EDD902751211}.Release|Any CPU.ActiveCfg = Release|Any CPU
		{933C2B70-958B-44A1-8443-EDD902751211}.Release|Any CPU.Build.0 = Release|Any CPU
		{5821965F-2579-4F8C-96E8-49582149E546}.Debug|Any CPU.ActiveCfg = Debug|Any CPU
		{5821965F-2579-4F8C-96E8-49582149E546}.Debug|Any CPU.Build.0 = Debug|Any CPU
		{5821965F-2579-4F8C-96E8-49582149E546}.Release|Any CPU.ActiveCfg = Release|Any CPU
		{5821965F-2579-4F8C-96E8-49582149E546}.Release|Any CPU.Build.0 = Release|Any CPU
	EndGlobalSection
	GlobalSection(SolutionProperties) = preSolution
		HideSolutionNode = FALSE
	EndGlobalSection
	GlobalSection(NestedProjects) = preSolution
		{6D62ED96-1AE8-4401-AD7D-F5A860D41B18} = {C933437D-668A-41C1-9AFF-7DF18039339B}
		{F1155C24-9587-471A-9498-1B347205299D} = {E0CDFD57-3840-4E23-93B8-CBEC4F3C01DE}
		{B951E0A3-0284-47CD-A397-032F9882562B} = {C933437D-668A-41C1-9AFF-7DF18039339B}
		{2A09C983-C02C-4161-B22E-3DDC60AD91D6} = {C933437D-668A-41C1-9AFF-7DF18039339B}
		{1FC2CB7C-3FD0-41CB-934D-0FD1A40DCCF8} = {751C1BDB-CCDF-4E5E-9458-9E0C7C26614B}
		{BFC1AC40-E0DC-45DC-9E78-89849B712A1F} = {9FA79FB4-2ACB-4141-9C05-ECBF28024097}
		{933C2B70-958B-44A1-8443-EDD902751211} = {2E594F74-9936-4F52-9FED-E2B47DE0DFF3}
		{5821965F-2579-4F8C-96E8-49582149E546} = {C933437D-668A-41C1-9AFF-7DF18039339B}
		{C933437D-668A-41C1-9AFF-7DF18039339B} = {86D035D3-D59B-46B3-A0D1-3356EE143016}
		{E0CDFD57-3840-4E23-93B8-CBEC4F3C01DE} = {86D035D3-D59B-46B3-A0D1-3356EE143016}
		{2E594F74-9936-4F52-9FED-E2B47DE0DFF3} = {86D035D3-D59B-46B3-A0D1-3356EE143016}
		{9FA79FB4-2ACB-4141-9C05-ECBF28024097} = {F0641789-C4FE-47ED-BCE4-C943B4DB7034}
		{751C1BDB-CCDF-4E5E-9458-9E0C7C26614B} = {F0641789-C4FE-47ED-BCE4-C943B4DB7034}
	EndGlobalSection
EndGlobal
